{
  "name": "common",
  "version": "1.0.0",
  "lockfileVersion": 3,
  "requires": true,
  "packages": {
    "": {
      "name": "common",
      "version": "1.0.0",
      "license": "ISC",
      "dependencies": {
        "zod": "^3.25.64"
      }
    },
    "node_modules/zod": {
      "version": "3.25.64",
      "resolved": "https://registry.npmjs.org/zod/-/zod-3.25.64.tgz",
      "integrity": "sha512-hbP9FpSZf7pkS7hRVUrOjhwKJNyampPgtXKc3AN6DsWtoHsg2Sb4SQaS4Tcay380zSwd2VPo9G9180emBACp5g==",
      "license": "MIT",
      "funding": {
        "url": "https://github.com/sponsors/colinhacks"
      }
    }
  }
}
